
Microsoft Visual Studio Solution File, Format Version 12.00
# Visual Studio Version 17
VisualStudioVersion = 17.10.35004.147
MinimumVisualStudioVersion = 10.0.40219.1
Project("{9A19103F-16F7-4668-BE54-9A1E7A4F7556}") = "Cronos", "Cronos.csproj", "{14007EC9-7D98-4AA9-843A-FD8BB3AFDDA3}"
EndProject
Project("{9A19103F-16F7-4668-BE54-9A1E7A4F7556}") = "ApiIdealle", "..\ApiIdealle\ApiIdealle.csproj", "{F77087E3-1ADE-483E-8546-21ABCE7AF44D}"
EndProject
Global
	GlobalSection(SolutionConfigurationPlatforms) = preSolution
		Debug|Any CPU = Debug|Any CPU
		Release|Any CPU = Release|Any CPU
	EndGlobalSection
	GlobalSection(ProjectConfigurationPlatforms) = postSolution
		{14007EC9-7D98-4AA9-843A-FD8BB3AFDDA3}.Debug|Any CPU.ActiveCfg = Debug|Any CPU
		{14007EC9-7D98-4AA9-843A-FD8BB3AFDDA3}.Debug|Any CPU.Build.0 = Debug|Any CPU
		{14007EC9-7D98-4AA9-843A-FD8BB3AFDDA3}.Debug|Any CPU.Deploy.0 = Debug|Any CPU
		{14007EC9-7D98-4AA9-843A-FD8BB3AFDDA3}.Release|Any CPU.ActiveCfg = Release|Any CPU
		{14007EC9-7D98-4AA9-843A-FD8BB3AFDDA3}.Release|Any CPU.Build.0 = Release|Any CPU
		{14007EC9-7D98-4AA9-843A-FD8BB3AFDDA3}.Release|Any CPU.Deploy.0 = Release|Any CPU
		{F77087E3-1ADE-483E-8546-21ABCE7AF44D}.Debug|Any CPU.ActiveCfg = Debug|Any CPU
		{F77087E3-1ADE-483E-8546-21ABCE7AF44D}.Debug|Any CPU.Build.0 = Debug|Any CPU
		{F77087E3-1ADE-483E-8546-21ABCE7AF44D}.Release|Any CPU.ActiveCfg = Release|Any CPU
		{F77087E3-1ADE-483E-8546-21ABCE7AF44D}.Release|Any CPU.Build.0 = Release|Any CPU
	EndGlobalSection
	GlobalSection(SolutionProperties) = preSolution
		HideSolutionNode = FALSE
	EndGlobalSection
	GlobalSection(ExtensibilityGlobals) = postSolution
		SolutionGuid = {2116455A-3A62-4398-A3DF-D8F49594A332}
	EndGlobalSection
EndGlobal
